
Microsoft Visual Studio Solution File, Format Version 12.00
# Visual Studio Version 16
VisualStudioVersion = 16.0.30717.126
MinimumVisualStudioVersion = 10.0.40219.1
Project("{FAE04EC0-301F-11D3-BF4B-00C04F79EFBC}") = "WpfApp2", "WpfApp2\WpfApp2.csproj", "{EA73721E-6D76-49BB-9AD9-299E0EB6122F}"
EndProject
Global
	GlobalSection(SolutionConfigurationPlatforms) = preSolution
		Debug|Any CPU = Debug|Any CPU
		Release|Any CPU = Release|Any CPU
	EndGlobalSection
	GlobalSection(ProjectConfigurationPlatforms) = postSolution
		{EA73721E-6D76-49BB-9AD9-299E0EB6122F}.Debug|Any CPU.ActiveCfg = Debug|Any CPU
		{EA73721E-6D76-49BB-9AD9-299E0EB6122F}.Debug|Any CPU.Build.0 = Debug|Any CPU
		{EA73721E-6D76-49BB-9AD9-299E0EB6122F}.Release|Any CPU.ActiveCfg = Release|Any CPU
		{EA73721E-6D76-49BB-9AD9-299E0EB6122F}.Release|Any CPU.Build.0 = Release|Any CPU
	EndGlobalSection
	GlobalSection(SolutionProperties) = preSolution
		HideSolutionNode = FALSE
	EndGlobalSection
	GlobalSection(ExtensibilityGlobals) = postSolution
		SolutionGuid = {E5D2128F-4033-4370-BAD4-6F312F27F97A}
	EndGlobalSection
EndGlobal
