
Microsoft Visual Studio Solution File, Format Version 12.00
# Visual Studio Version 16
VisualStudioVersion = 16.0.30621.155
MinimumVisualStudioVersion = 10.0.40219.1
Project("{FAE04EC0-301F-11D3-BF4B-00C04F79EFBC}") = "ThreadingExamples", "ThreadingExamples\ThreadingExamples.csproj", "{45C380AC-A041-42DF-B078-AA471C2B6EF0}"
EndProject
Project("{FAE04EC0-301F-11D3-BF4B-00C04F79EFBC}") = "MutexDemo", "MutexDemo\MutexDemo.csproj", "{8D2852C1-0707-436B-9E94-B40EDF286E87}"
EndProject
Global
	GlobalSection(SolutionConfigurationPlatforms) = preSolution
		Debug|Any CPU = Debug|Any CPU
		Release|Any CPU = Release|Any CPU
	EndGlobalSection
	GlobalSection(ProjectConfigurationPlatforms) = postSolution
		{45C380AC-A041-42DF-B078-AA471C2B6EF0}.Debug|Any CPU.ActiveCfg = Debug|Any CPU
		{45C380AC-A041-42DF-B078-AA471C2B6EF0}.Debug|Any CPU.Build.0 = Debug|Any CPU
		{45C380AC-A041-42DF-B078-AA471C2B6EF0}.Release|Any CPU.ActiveCfg = Release|Any CPU
		{45C380AC-A041-42DF-B078-AA471C2B6EF0}.Release|Any CPU.Build.0 = Release|Any CPU
		{8D2852C1-0707-436B-9E94-B40EDF286E87}.Debug|Any CPU.ActiveCfg = Debug|Any CPU
		{8D2852C1-0707-436B-9E94-B40EDF286E87}.Debug|Any CPU.Build.0 = Debug|Any CPU
		{8D2852C1-0707-436B-9E94-B40EDF286E87}.Release|Any CPU.ActiveCfg = Release|Any CPU
		{8D2852C1-0707-436B-9E94-B40EDF286E87}.Release|Any CPU.Build.0 = Release|Any CPU
	EndGlobalSection
	GlobalSection(SolutionProperties) = preSolution
		HideSolutionNode = FALSE
	EndGlobalSection
	GlobalSection(ExtensibilityGlobals) = postSolution
		SolutionGuid = {58A280F6-8A28-4E36-87F7-0809025B31F3}
	EndGlobalSection
EndGlobal
