
Microsoft Visual Studio Solution File, Format Version 12.00
# Visual Studio Version 16
VisualStudioVersion = 16.0.30621.155
MinimumVisualStudioVersion = 10.0.40219.1
Project("{FAE04EC0-301F-11D3-BF4B-00C04F79EFBC}") = "DelegatesDemo", "DelegatesDemo\DelegatesDemo.csproj", "{7CE2F17D-46B8-4C9E-89BA-EC20F7876E20}"
EndProject
Project("{FAE04EC0-301F-11D3-BF4B-00C04F79EFBC}") = "DelegateDemo2", "DelegateDemo2\DelegateDemo2.csproj", "{5E366631-6FF8-4496-B7BD-5C400C798B7A}"
EndProject
Project("{FAE04EC0-301F-11D3-BF4B-00C04F79EFBC}") = "DelegateTrial", "DelegateTrial\DelegateTrial.csproj", "{2CABDB45-D638-4F2B-8C52-35079292413A}"
EndProject
Project("{FAE04EC0-301F-11D3-BF4B-00C04F79EFBC}") = "DelegatesTrial2", "DelegatesTrial2\DelegatesTrial2.csproj", "{A4464373-BCE9-4D8C-8483-043E0561D150}"
EndProject
Project("{FAE04EC0-301F-11D3-BF4B-00C04F79EFBC}") = "MultiCastDelegates", "MultiCastDelegates\MultiCastDelegates.csproj", "{9C622A83-95AE-4F6A-939A-9EE4C00AFD31}"
EndProject
Global
	GlobalSection(SolutionConfigurationPlatforms) = preSolution
		Debug|Any CPU = Debug|Any CPU
		Release|Any CPU = Release|Any CPU
	EndGlobalSection
	GlobalSection(ProjectConfigurationPlatforms) = postSolution
		{7CE2F17D-46B8-4C9E-89BA-EC20F7876E20}.Debug|Any CPU.ActiveCfg = Debug|Any CPU
		{7CE2F17D-46B8-4C9E-89BA-EC20F7876E20}.Debug|Any CPU.Build.0 = Debug|Any CPU
		{7CE2F17D-46B8-4C9E-89BA-EC20F7876E20}.Release|Any CPU.ActiveCfg = Release|Any CPU
		{7CE2F17D-46B8-4C9E-89BA-EC20F7876E20}.Release|Any CPU.Build.0 = Release|Any CPU
		{5E366631-6FF8-4496-B7BD-5C400C798B7A}.Debug|Any CPU.ActiveCfg = Debug|Any CPU
		{5E366631-6FF8-4496-B7BD-5C400C798B7A}.Debug|Any CPU.Build.0 = Debug|Any CPU
		{5E366631-6FF8-4496-B7BD-5C400C798B7A}.Release|Any CPU.ActiveCfg = Release|Any CPU
		{5E366631-6FF8-4496-B7BD-5C400C798B7A}.Release|Any CPU.Build.0 = Release|Any CPU
		{2CABDB45-D638-4F2B-8C52-35079292413A}.Debug|Any CPU.ActiveCfg = Debug|Any CPU
		{2CABDB45-D638-4F2B-8C52-35079292413A}.Debug|Any CPU.Build.0 = Debug|Any CPU
		{2CABDB45-D638-4F2B-8C52-35079292413A}.Release|Any CPU.ActiveCfg = Release|Any CPU
		{2CABDB45-D638-4F2B-8C52-35079292413A}.Release|Any CPU.Build.0 = Release|Any CPU
		{A4464373-BCE9-4D8C-8483-043E0561D150}.Debug|Any CPU.ActiveCfg = Debug|Any CPU
		{A4464373-BCE9-4D8C-8483-043E0561D150}.Debug|Any CPU.Build.0 = Debug|Any CPU
		{A4464373-BCE9-4D8C-8483-043E0561D150}.Release|Any CPU.ActiveCfg = Release|Any CPU
		{A4464373-BCE9-4D8C-8483-043E0561D150}.Release|Any CPU.Build.0 = Release|Any CPU
		{9C622A83-95AE-4F6A-939A-9EE4C00AFD31}.Debug|Any CPU.ActiveCfg = Debug|Any CPU
		{9C622A83-95AE-4F6A-939A-9EE4C00AFD31}.Debug|Any CPU.Build.0 = Debug|Any CPU
		{9C622A83-95AE-4F6A-939A-9EE4C00AFD31}.Release|Any CPU.ActiveCfg = Release|Any CPU
		{9C622A83-95AE-4F6A-939A-9EE4C00AFD31}.Release|Any CPU.Build.0 = Release|Any CPU
	EndGlobalSection
	GlobalSection(SolutionProperties) = preSolution
		HideSolutionNode = FALSE
	EndGlobalSection
	GlobalSection(ExtensibilityGlobals) = postSolution
		SolutionGuid = {B3DB2369-CAC5-4C98-B2B8-11CE91FB7F6A}
	EndGlobalSection
EndGlobal
