
Microsoft Visual Studio Solution File, Format Version 12.00
# Visual Studio Version 16
VisualStudioVersion = 16.0.30621.155
MinimumVisualStudioVersion = 10.0.40219.1
Project("{FAE04EC0-301F-11D3-BF4B-00C04F79EFBC}") = "AttributeExample", "AttributeExample\AttributeExample.csproj", "{9EDAF3C5-6B3B-4960-8470-DE7299B4E325}"
EndProject
Project("{FAE04EC0-301F-11D3-BF4B-00C04F79EFBC}") = "CLSComplaintAttribute", "CLSComplaintAttribute\CLSComplaintAttribute.csproj", "{9EA70B13-F73E-49A8-99E1-98018C79C6E6}"
EndProject
Project("{FAE04EC0-301F-11D3-BF4B-00C04F79EFBC}") = "AttributeExampleTwo", "AttributeExampleTwo\AttributeExampleTwo.csproj", "{6AE8D874-7861-489D-B2CC-1DDFAB331C4B}"
EndProject
Project("{FAE04EC0-301F-11D3-BF4B-00C04F79EFBC}") = "AttributeUsageTrial", "ConsoleApp1\AttributeUsageTrial.csproj", "{D7C4E0C9-5A09-41B1-94CC-814A16905C89}"
EndProject
Global
	GlobalSection(SolutionConfigurationPlatforms) = preSolution
		Debug|Any CPU = Debug|Any CPU
		Release|Any CPU = Release|Any CPU
	EndGlobalSection
	GlobalSection(ProjectConfigurationPlatforms) = postSolution
		{9EDAF3C5-6B3B-4960-8470-DE7299B4E325}.Debug|Any CPU.ActiveCfg = Debug|Any CPU
		{9EDAF3C5-6B3B-4960-8470-DE7299B4E325}.Debug|Any CPU.Build.0 = Debug|Any CPU
		{9EDAF3C5-6B3B-4960-8470-DE7299B4E325}.Release|Any CPU.ActiveCfg = Release|Any CPU
		{9EDAF3C5-6B3B-4960-8470-DE7299B4E325}.Release|Any CPU.Build.0 = Release|Any CPU
		{9EA70B13-F73E-49A8-99E1-98018C79C6E6}.Debug|Any CPU.ActiveCfg = Debug|Any CPU
		{9EA70B13-F73E-49A8-99E1-98018C79C6E6}.Debug|Any CPU.Build.0 = Debug|Any CPU
		{9EA70B13-F73E-49A8-99E1-98018C79C6E6}.Release|Any CPU.ActiveCfg = Release|Any CPU
		{9EA70B13-F73E-49A8-99E1-98018C79C6E6}.Release|Any CPU.Build.0 = Release|Any CPU
		{6AE8D874-7861-489D-B2CC-1DDFAB331C4B}.Debug|Any CPU.ActiveCfg = Debug|Any CPU
		{6AE8D874-7861-489D-B2CC-1DDFAB331C4B}.Debug|Any CPU.Build.0 = Debug|Any CPU
		{6AE8D874-7861-489D-B2CC-1DDFAB331C4B}.Release|Any CPU.ActiveCfg = Release|Any CPU
		{6AE8D874-7861-489D-B2CC-1DDFAB331C4B}.Release|Any CPU.Build.0 = Release|Any CPU
		{D7C4E0C9-5A09-41B1-94CC-814A16905C89}.Debug|Any CPU.ActiveCfg = Debug|Any CPU
		{D7C4E0C9-5A09-41B1-94CC-814A16905C89}.Debug|Any CPU.Build.0 = Debug|Any CPU
		{D7C4E0C9-5A09-41B1-94CC-814A16905C89}.Release|Any CPU.ActiveCfg = Release|Any CPU
		{D7C4E0C9-5A09-41B1-94CC-814A16905C89}.Release|Any CPU.Build.0 = Release|Any CPU
	EndGlobalSection
	GlobalSection(SolutionProperties) = preSolution
		HideSolutionNode = FALSE
	EndGlobalSection
	GlobalSection(ExtensibilityGlobals) = postSolution
		SolutionGuid = {0E94DA68-DABB-4BF7-AFAB-FF9B581021AE}
	EndGlobalSection
EndGlobal
