
Microsoft Visual Studio Solution File, Format Version 12.00
# Visual Studio Version 16
VisualStudioVersion = 16.0.30621.155
MinimumVisualStudioVersion = 10.0.40219.1
Project("{FAE04EC0-301F-11D3-BF4B-00C04F79EFBC}") = "Reflection01", "Reflection01\Reflection01.csproj", "{DBC2711E-82D5-4977-9F71-291F601BF9B1}"
EndProject
Project("{FAE04EC0-301F-11D3-BF4B-00C04F79EFBC}") = "Reflection02", "CalculationInReflection\Reflection02.csproj", "{F3B74BA7-DFA8-4594-9ADE-EB8B6D0BDA48}"
EndProject
Project("{FAE04EC0-301F-11D3-BF4B-00C04F79EFBC}") = "AssemblyExample", "AssemblyExample\AssemblyExample.csproj", "{4FB3B0AB-3661-4A50-BB76-783D41294203}"
EndProject
Global
	GlobalSection(SolutionConfigurationPlatforms) = preSolution
		Debug|Any CPU = Debug|Any CPU
		Release|Any CPU = Release|Any CPU
	EndGlobalSection
	GlobalSection(ProjectConfigurationPlatforms) = postSolution
		{DBC2711E-82D5-4977-9F71-291F601BF9B1}.Debug|Any CPU.ActiveCfg = Debug|Any CPU
		{DBC2711E-82D5-4977-9F71-291F601BF9B1}.Debug|Any CPU.Build.0 = Debug|Any CPU
		{DBC2711E-82D5-4977-9F71-291F601BF9B1}.Release|Any CPU.ActiveCfg = Release|Any CPU
		{DBC2711E-82D5-4977-9F71-291F601BF9B1}.Release|Any CPU.Build.0 = Release|Any CPU
		{F3B74BA7-DFA8-4594-9ADE-EB8B6D0BDA48}.Debug|Any CPU.ActiveCfg = Debug|Any CPU
		{F3B74BA7-DFA8-4594-9ADE-EB8B6D0BDA48}.Debug|Any CPU.Build.0 = Debug|Any CPU
		{F3B74BA7-DFA8-4594-9ADE-EB8B6D0BDA48}.Release|Any CPU.ActiveCfg = Release|Any CPU
		{F3B74BA7-DFA8-4594-9ADE-EB8B6D0BDA48}.Release|Any CPU.Build.0 = Release|Any CPU
		{4FB3B0AB-3661-4A50-BB76-783D41294203}.Debug|Any CPU.ActiveCfg = Debug|Any CPU
		{4FB3B0AB-3661-4A50-BB76-783D41294203}.Debug|Any CPU.Build.0 = Debug|Any CPU
		{4FB3B0AB-3661-4A50-BB76-783D41294203}.Release|Any CPU.ActiveCfg = Release|Any CPU
		{4FB3B0AB-3661-4A50-BB76-783D41294203}.Release|Any CPU.Build.0 = Release|Any CPU
	EndGlobalSection
	GlobalSection(SolutionProperties) = preSolution
		HideSolutionNode = FALSE
	EndGlobalSection
	GlobalSection(ExtensibilityGlobals) = postSolution
		SolutionGuid = {D1ABD22C-76C3-4082-9174-474C8ADFAF24}
	EndGlobalSection
EndGlobal
