
Microsoft Visual Studio Solution File, Format Version 12.00
# Visual Studio Version 16
VisualStudioVersion = 16.0.30717.126
MinimumVisualStudioVersion = 10.0.40219.1
Project("{FAE04EC0-301F-11D3-BF4B-00C04F79EFBC}") = "WpfApp3_routedEvent", "WpfApp3_routedEvent\WpfApp3_routedEvent.csproj", "{590A96FF-8BB1-4112-A146-3010759426D6}"
EndProject
Global
	GlobalSection(SolutionConfigurationPlatforms) = preSolution
		Debug|Any CPU = Debug|Any CPU
		Release|Any CPU = Release|Any CPU
	EndGlobalSection
	GlobalSection(ProjectConfigurationPlatforms) = postSolution
		{590A96FF-8BB1-4112-A146-3010759426D6}.Debug|Any CPU.ActiveCfg = Debug|Any CPU
		{590A96FF-8BB1-4112-A146-3010759426D6}.Debug|Any CPU.Build.0 = Debug|Any CPU
		{590A96FF-8BB1-4112-A146-3010759426D6}.Release|Any CPU.ActiveCfg = Release|Any CPU
		{590A96FF-8BB1-4112-A146-3010759426D6}.Release|Any CPU.Build.0 = Release|Any CPU
	EndGlobalSection
	GlobalSection(SolutionProperties) = preSolution
		HideSolutionNode = FALSE
	EndGlobalSection
	GlobalSection(ExtensibilityGlobals) = postSolution
		SolutionGuid = {46632317-7A72-4D97-BD5B-AC93EEE98982}
	EndGlobalSection
EndGlobal
