
Microsoft Visual Studio Solution File, Format Version 12.00
# Visual Studio Version 16
VisualStudioVersion = 16.0.30621.155
MinimumVisualStudioVersion = 10.0.40219.1
Project("{FAE04EC0-301F-11D3-BF4B-00C04F79EFBC}") = "BankMiniCaseStudyOOP", "BankMiniCaseStudyOOP\BankMiniCaseStudyOOP.csproj", "{0A90C2CE-B941-4D15-B270-7FCEA0C3F0B8}"
EndProject
Project("{FAE04EC0-301F-11D3-BF4B-00C04F79EFBC}") = "OOPSupportingConcepts", "OOPSupportingConcepts\OOPSupportingConcepts.csproj", "{FEDB441C-2269-426D-B70C-1C0536F2303E}"
EndProject
Global
	GlobalSection(SolutionConfigurationPlatforms) = preSolution
		Debug|Any CPU = Debug|Any CPU
		Release|Any CPU = Release|Any CPU
	EndGlobalSection
	GlobalSection(ProjectConfigurationPlatforms) = postSolution
		{0A90C2CE-B941-4D15-B270-7FCEA0C3F0B8}.Debug|Any CPU.ActiveCfg = Debug|Any CPU
		{0A90C2CE-B941-4D15-B270-7FCEA0C3F0B8}.Debug|Any CPU.Build.0 = Debug|Any CPU
		{0A90C2CE-B941-4D15-B270-7FCEA0C3F0B8}.Release|Any CPU.ActiveCfg = Release|Any CPU
		{0A90C2CE-B941-4D15-B270-7FCEA0C3F0B8}.Release|Any CPU.Build.0 = Release|Any CPU
		{FEDB441C-2269-426D-B70C-1C0536F2303E}.Debug|Any CPU.ActiveCfg = Debug|Any CPU
		{FEDB441C-2269-426D-B70C-1C0536F2303E}.Debug|Any CPU.Build.0 = Debug|Any CPU
		{FEDB441C-2269-426D-B70C-1C0536F2303E}.Release|Any CPU.ActiveCfg = Release|Any CPU
		{FEDB441C-2269-426D-B70C-1C0536F2303E}.Release|Any CPU.Build.0 = Release|Any CPU
	EndGlobalSection
	GlobalSection(SolutionProperties) = preSolution
		HideSolutionNode = FALSE
	EndGlobalSection
	GlobalSection(ExtensibilityGlobals) = postSolution
		SolutionGuid = {9BB2BDD0-EB9D-43F2-A818-8C7D99460E7B}
	EndGlobalSection
EndGlobal
