
Microsoft Visual Studio Solution File, Format Version 12.00
# Visual Studio Version 16
VisualStudioVersion = 16.0.30621.155
MinimumVisualStudioVersion = 10.0.40219.1
Project("{FAE04EC0-301F-11D3-BF4B-00C04F79EFBC}") = "ExceptionHandlingDemo", "ExceptionHandlingDemo\ExceptionHandlingDemo.csproj", "{7AFB64F3-6AB3-4F29-9266-FD62873E4620}"
EndProject
Global
	GlobalSection(SolutionConfigurationPlatforms) = preSolution
		Debug|Any CPU = Debug|Any CPU
		Release|Any CPU = Release|Any CPU
	EndGlobalSection
	GlobalSection(ProjectConfigurationPlatforms) = postSolution
		{7AFB64F3-6AB3-4F29-9266-FD62873E4620}.Debug|Any CPU.ActiveCfg = Debug|Any CPU
		{7AFB64F3-6AB3-4F29-9266-FD62873E4620}.Debug|Any CPU.Build.0 = Debug|Any CPU
		{7AFB64F3-6AB3-4F29-9266-FD62873E4620}.Release|Any CPU.ActiveCfg = Release|Any CPU
		{7AFB64F3-6AB3-4F29-9266-FD62873E4620}.Release|Any CPU.Build.0 = Release|Any CPU
	EndGlobalSection
	GlobalSection(SolutionProperties) = preSolution
		HideSolutionNode = FALSE
	EndGlobalSection
	GlobalSection(ExtensibilityGlobals) = postSolution
		SolutionGuid = {9B73779A-3053-467E-A4BA-18C81475A00A}
	EndGlobalSection
EndGlobal
