
Microsoft Visual Studio Solution File, Format Version 12.00
# Visual Studio Version 16
VisualStudioVersion = 16.0.30621.155
MinimumVisualStudioVersion = 10.0.40219.1
Project("{FAE04EC0-301F-11D3-BF4B-00C04F79EFBC}") = "LabAssignment10", "LabAssignment10\LabAssignment10.csproj", "{E5F86DBF-6EFB-492A-8F27-496BEB5F338E}"
EndProject
Global
	GlobalSection(SolutionConfigurationPlatforms) = preSolution
		Debug|Any CPU = Debug|Any CPU
		Release|Any CPU = Release|Any CPU
	EndGlobalSection
	GlobalSection(ProjectConfigurationPlatforms) = postSolution
		{E5F86DBF-6EFB-492A-8F27-496BEB5F338E}.Debug|Any CPU.ActiveCfg = Debug|Any CPU
		{E5F86DBF-6EFB-492A-8F27-496BEB5F338E}.Debug|Any CPU.Build.0 = Debug|Any CPU
		{E5F86DBF-6EFB-492A-8F27-496BEB5F338E}.Release|Any CPU.ActiveCfg = Release|Any CPU
		{E5F86DBF-6EFB-492A-8F27-496BEB5F338E}.Release|Any CPU.Build.0 = Release|Any CPU
	EndGlobalSection
	GlobalSection(SolutionProperties) = preSolution
		HideSolutionNode = FALSE
	EndGlobalSection
	GlobalSection(ExtensibilityGlobals) = postSolution
		SolutionGuid = {F0B68B6B-F75C-4EF8-8E04-E2CD99195B6F}
	EndGlobalSection
EndGlobal
