
Microsoft Visual Studio Solution File, Format Version 12.00
# Visual Studio Version 16
VisualStudioVersion = 16.0.30621.155
MinimumVisualStudioVersion = 10.0.40219.1
Project("{FAE04EC0-301F-11D3-BF4B-00C04F79EFBC}") = "RegularExpressions", "RegularExpressions\RegularExpressions.csproj", "{0AC3D53E-1A39-4DF9-8C52-DF9B941420ED}"
EndProject
Global
	GlobalSection(SolutionConfigurationPlatforms) = preSolution
		Debug|Any CPU = Debug|Any CPU
		Release|Any CPU = Release|Any CPU
	EndGlobalSection
	GlobalSection(ProjectConfigurationPlatforms) = postSolution
		{0AC3D53E-1A39-4DF9-8C52-DF9B941420ED}.Debug|Any CPU.ActiveCfg = Debug|Any CPU
		{0AC3D53E-1A39-4DF9-8C52-DF9B941420ED}.Debug|Any CPU.Build.0 = Debug|Any CPU
		{0AC3D53E-1A39-4DF9-8C52-DF9B941420ED}.Release|Any CPU.ActiveCfg = Release|Any CPU
		{0AC3D53E-1A39-4DF9-8C52-DF9B941420ED}.Release|Any CPU.Build.0 = Release|Any CPU
	EndGlobalSection
	GlobalSection(SolutionProperties) = preSolution
		HideSolutionNode = FALSE
	EndGlobalSection
	GlobalSection(ExtensibilityGlobals) = postSolution
		SolutionGuid = {6EB2E39E-56EA-4735-91CF-53E3465B36BE}
	EndGlobalSection
EndGlobal
